github.com/google/uuid v1.3.0 h1:t6JiXgmwXMjEs8VusXIJk2BXHsn+wx8BZdTaoZ5fu7I=
github.com/google/uuid v1.3.0/go.mod h1:TIyPZe4MgqvfeYDBFedMoGGpEw/LqOeaOT+nhxU+yHo=
github.com/ipthomas/tukcnst v1.0.10 h1:ot7Swc+dvB7zwoU42n56OmjoDq8xtvpHhQSOXtwG1sM=
github.com/ipthomas/tukcnst v1.0.10/go.mod h1:ciOdJbw8hryjilsWjN0vhtF3ZbSfEKUd7wfzU0IZ2X8=
github.com/ipthomas/tukcnst v1.1.0 h1:e2JBTrJt1x9xFwJL6w20y3HR02YOdpH5ZdoGG+9qjDI=
github.com/ipthomas/tukcnst v1.1.0/go.mod h1:ciOdJbw8hryjilsWjN0vhtF3ZbSfEKUd7wfzU0IZ2X8=
github.com/ipthomas/tukcnst v1.2.0 h1:UbB/VWtf0WUaR7eIxwvtHOxMLuXsc5bL+VAc7AuAoKg=
github.com/ipthomas/tukcnst v1.2.0/go.mod h1:ciOdJbw8hryjilsWjN0vhtF3ZbSfEKUd7wfzU0IZ2X8=
github.com/ipthomas/tukcnst v1.2.3 h1:WzM1ykeu22LbXkEV3umQD3T0NEeAdQPFZLc51T/vaDk=
github.com/ipthomas/tukcnst v1.2.3/go.mod h1:ciOdJbw8hryjilsWjN0vhtF3ZbSfEKUd7wfzU0IZ2X8=
github.com/ipthomas/tukcnst v1.2.5 h1:KxmAJWxEWgmooQLZnzMOnTbRr/ExOWlTrYHN7D5qT3M=
github.com/ipthomas/tukcnst v1.2.5/go.mod h1:ciOdJbw8hryjilsWjN0vhtF3ZbSfEKUd7wfzU0IZ2X8=
github.com/ipthomas/tukcnst v1.2.6 h1:xZBp4bCN+lp0StwBOtywGQmRZaEn4xOjv4WLNjeX4vg=
github.com/ipthomas/tukcnst v1.2.6/go.mod h1:ciOdJbw8hryjilsWjN0vhtF3ZbSfEKUd7wfzU0IZ2X8=
github.com/ipthomas/tukcnst v1.2.7 h1:5PqLwboMUgGCz/40b5h04yRzsPivHiFFMB3cfv3z7EE=
github.com/ipthomas/tukcnst v1.2.7/go.mod h1:ciOdJbw8hryjilsWjN0vhtF3ZbSfEKUd7wfzU0IZ2X8=
github.com/ipthomas/tukcnst v1.2.12 h1:1CDtSgcntON5adX0+kDK7FDs6xaworqVS3A1XiefZoU=
github.com/ipthomas/tukcnst v1.2.12/go.mod h1:ciOdJbw8hryjilsWjN0vhtF3ZbSfEKUd7wfzU0IZ2X8=
github.com/ipthomas/tukcnst v1.2.15 h1:KH8Fi7mMGzglyQ1reWdRjEcY3V2OmTVQksy20fRBJNs=
github.com/ipthomas/tukcnst v1.2.15/go.mod h1:ciOdJbw8hryjilsWjN0vhtF3ZbSfEKUd7wfzU0IZ2X8=
github.com/ipthomas/tukcnst v1.2.16 h1:mB/1Yjagq73kvk7fyUxG2pt5Dh+A5aekwTk0NDp2CXg=
github.com/ipthomas/tukcnst v1.2.16/go.mod h1:ciOdJbw8hryjilsWjN0vhtF3ZbSfEKUd7wfzU0IZ2X8=
